Microsoft Visual Studio Solution File, Format Version 12.00
# Visual Studio Version 17
VisualStudioVersion = 17.5.2.0
MinimumVisualStudioVersion = 10.0.40219.1
Project("{FAE04EC0-301F-11D3-BF4B-00C04F79EFBC}") = "Lotto Number generator", "Lotto Number generator.csproj", "{5103CF53-BD47-F75D-C5C4-5E34A4B9DC98}"
EndProject
Global
	GlobalSection(SolutionConfigurationPlatforms) = preSolution
		Debug|Any CPU = Debug|Any CPU
		Release|Any CPU = Release|Any CPU
	EndGlobalSection
	GlobalSection(ProjectConfigurationPlatforms) = postSolution
		{5103CF53-BD47-F75D-C5C4-5E34A4B9DC98}.Debug|Any CPU.ActiveCfg = Debug|Any CPU
		{5103CF53-BD47-F75D-C5C4-5E34A4B9DC98}.Debug|Any CPU.Build.0 = Debug|Any CPU
		{5103CF53-BD47-F75D-C5C4-5E34A4B9DC98}.Release|Any CPU.ActiveCfg = Release|Any CPU
		{5103CF53-BD47-F75D-C5C4-5E34A4B9DC98}.Release|Any CPU.Build.0 = Release|Any CPU
	EndGlobalSection
	GlobalSection(SolutionProperties) = preSolution
		HideSolutionNode = FALSE
	EndGlobalSection
	GlobalSection(ExtensibilityGlobals) = postSolution
		SolutionGuid = {55AE8CA8-69B6-41BC-8C3A-40F2559E5B42}
	EndGlobalSection
EndGlobal
